// !$*UTF8*$!
{
	archiveVersion = 1;
	classes = {
	};
	objectVersion = 50;
	objects = {

/* Begin PBXBuildFile section */
		A7E5E22C253F4EE500236C55 /* AppDelegate.swift in Sources */ = {isa = PBXBuildFile; fileRef = A7E5E22B253F4EE500236C55 /* AppDelegate.swift */; };
		A7E5E22E253F4EE500236C55 /* SceneDelegate.swift in Sources */ = {isa = PBXBuildFile; fileRef = A7E5E22D253F4EE500236C55 /* SceneDelegate.swift */; };
		A7E5E230253F4EE500236C55 /* ViewController.swift in Sources */ = {isa = PBXBuildFile; fileRef = A7E5E22F253F4EE500236C55 /* ViewController.swift */; };
		A7E5E233253F4EE500236C55 /* Main.storyboard in Resources */ = {isa = PBXBuildFile; fileRef = A7E5E231253F4EE500236C55 /* Main.storyboard */; };
		A7E5E236253F4EE500236C55 /* CartCodeCase.xcdatamodeld in Sources */ = {isa = PBXBuildFile; fileRef = A7E5E234253F4EE500236C55 /* CartCodeCase.xcdatamodeld */; };
		A7E5E238253F4EE600236C55 /* Assets.xcassets in Resources */ = {isa = PBXBuildFile; fileRef = A7E5E237253F4EE600236C55 /* Assets.xcassets */; };
		A7E5E23B253F4EE600236C55 /* LaunchScreen.storyboard in Resources */ = {isa = PBXBuildFile; fileRef = A7E5E239253F4EE600236C55 /* LaunchScreen.storyboard */; };
		A7E5E246253F4EE600236C55 /* CartCodeCaseTests.swift in Sources */ = {isa = PBXBuildFile; fileRef = A7E5E245253F4EE600236C55 /* CartCodeCaseTests.swift */; };
		A7E5E251253F4EE600236C55 /* CartCodeCaseUITests.swift in Sources */ = {isa = PBXBuildFile; fileRef = A7E5E250253F4EE600236C55 /* CartCodeCaseUITests.swift */; };
/* End PBXBuildFile section */

/* Begin PBXContainerItemProxy section */
		A7E5E242253F4EE600236C55 /* PBXContainerItemProxy */ = {
			isa = PBXContainerItemProxy;
			containerPortal = A7E5E220253F4EE500236C55 /* Project object */;
			proxyType = 1;
			remoteGlobalIDString = A7E5E227253F4EE500236C55;
			remoteInfo = CartCodeCase;
		};
		A7E5E24D253F4EE600236C55 /* PBXContainerItemProxy */ = {
			isa = PBXContainerItemProxy;
			containerPortal = A7E5E220253F4EE500236C55 /* Project object */;
			proxyType = 1;
			remoteGlobalIDString = A7E5E227253F4EE500236C55;
			remoteInfo = CartCodeCase;
		};
/* End PBXContainerItemProxy section */

/* Begin PBXFileReference section */
		A7E5E228253F4EE500236C55 /* CartCodeCase.app */ = {isa = PBXFileReference; explicitFileType = wrapper.application; includeInIndex = 0; path = CartCodeCase.app; sourceTree = BUILT_PRODUCTS_DIR; };
		A7E5E22B253F4EE500236C55 /* AppDelegate.swift */ = {isa = PBXFileReference; lastKnownFileType = sourcecode.swift; path = AppDelegate.swift; sourceTree = "<group>"; };
		A7E5E22D253F4EE500236C55 /* SceneDelegate.swift */ = {isa = PBXFileReference; lastKnownFileType = sourcecode.swift; path = SceneDelegate.swift; sourceTree = "<group>"; };
		A7E5E22F253F4EE500236C55 /* ViewController.swift */ = {isa = PBXFileReference; lastKnownFileType = sourcecode.swift; path = ViewController.swift; sourceTree = "<group>"; };
		A7E5E232253F4EE500236C55 /* Base */ = {isa = PBXFileReference; lastKnownFileType = file.storyboard; name = Base; path = Base.lproj/Main.storyboard; sourceTree = "<group>"; };
		A7E5E235253F4EE500236C55 /* CartCodeCase.xcdatamodel */ = {isa = PBXFileReference; lastKnownFileType = wrapper.xcdatamodel; path = CartCodeCase.xcdatamodel; sourceTree = "<group>"; };
		A7E5E237253F4EE600236C55 /* Assets.xcassets */ = {isa = PBXFileReference; lastKnownFileType = folder.assetcatalog; path = Assets.xcassets; sourceTree = "<group>"; };
		A7E5E23A253F4EE600236C55 /* Base */ = {isa = PBXFileReference; lastKnownFileType = file.storyboard; name = Base; path = Base.lproj/LaunchScreen.storyboard; sourceTree = "<group>"; };
		A7E5E23C253F4EE600236C55 /* Info.plist */ = {isa = PBXFileReference; lastKnownFileType = text.plist.xml; path = Info.plist; sourceTree = "<group>"; };
		A7E5E241253F4EE600236C55 /* CartCodeCaseTests.xctest */ = {isa = PBXFileReference; explicitFileType = wrapper.cfbundle; includeInIndex = 0; path = CartCodeCaseTests.xctest; sourceTree = BUILT_PRODUCTS_DIR; };
		A7E5E245253F4EE600236C55 /* CartCodeCaseTests.swift */ = {isa = PBXFileReference; lastKnownFileType = sourcecode.swift; path = CartCodeCaseTests.swift; sourceTree = "<group>"; };
		A7E5E247253F4EE600236C55 /* Info.plist */ = {isa = PBXFileReference; lastKnownFileType = text.plist.xml; path = Info.plist; sourceTree = "<group>"; };
		A7E5E24C253F4EE600236C55 /* CartCodeCaseUITests.xctest */ = {isa = PBXFileReference; explicitFileType = wrapper.cfbundle; includeInIndex = 0; path = CartCodeCaseUITests.xctest; sourceTree = BUILT_PRODUCTS_DIR; };
		A7E5E250253F4EE600236C55 /* CartCodeCaseUITests.swift */ = {isa = PBXFileReference; lastKnownFileType = sourcecode.swift; path = CartCodeCaseUITests.swift; sourceTree = "<group>"; };
		A7E5E252253F4EE600236C55 /* Info.plist */ = {isa = PBXFileReference; lastKnownFileType = text.plist.xml; path = Info.plist; sourceTree = "<group>"; };
/* End PBXFileReference section */

/* Begin PBXFrameworksBuildPhase section */
		A7E5E225253F4EE500236C55 /* Frameworks */ = {
			isa = PBXFrameworksBuildPhase;
			buildActionMask = 2147483647;
			files = (
			);
			runOnlyForDeploymentPostprocessing = 0;
		};
		A7E5E23E253F4EE600236C55 /* Frameworks */ = {
			isa = PBXFrameworksBuildPhase;
			buildActionMask = 2147483647;
			files = (
			);
			runOnlyForDeploymentPostprocessing = 0;
		};
		A7E5E249253F4EE600236C55 /* Frameworks */ = {
			isa = PBXFrameworksBuildPhase;
			buildActionMask = 2147483647;
			files = (
			);
			runOnlyForDeploymentPostprocessing = 0;
		};
/* End PBXFrameworksBuildPhase section */

/* Begin PBXGroup section */
		A7E5E21F253F4EE500236C55 = {
			isa = PBXGroup;
			children = (
				A7E5E22A253F4EE500236C55 /* CartCodeCase */,
				A7E5E244253F4EE600236C55 /* CartCodeCaseTests */,
				A7E5E24F253F4EE600236C55 /* CartCodeCaseUITests */,
				A7E5E229253F4EE500236C55 /* Products */,
			);
			sourceTree = "<group>";
		};
		A7E5E229253F4EE500236C55 /* Products */ = {
			isa = PBXGroup;
			children = (
				A7E5E228253F4EE500236C55 /* CartCodeCase.app */,
				A7E5E241253F4EE600236C55 /* CartCodeCaseTests.xctest */,
				A7E5E24C253F4EE600236C55 /* CartCodeCaseUITests.xctest */,
			);
			name = Products;
			sourceTree = "<group>";
		};
		A7E5E22A253F4EE500236C55 /* CartCodeCase */ = {
			isa = PBXGroup;
			children = (
				A7E5E22B253F4EE500236C55 /* AppDelegate.swift */,
				A7E5E22D253F4EE500236C55 /* SceneDelegate.swift */,
				A7E5E22F253F4EE500236C55 /* ViewController.swift */,
				A7E5E231253F4EE500236C55 /* Main.storyboard */,
				A7E5E237253F4EE600236C55 /* Assets.xcassets */,
				A7E5E239253F4EE600236C55 /* LaunchScreen.storyboard */,
				A7E5E23C253F4EE600236C55 /* Info.plist */,
				A7E5E234253F4EE500236C55 /* CartCodeCase.xcdatamodeld */,
			);
			path = CartCodeCase;
			sourceTree = "<group>";
		};
		A7E5E244253F4EE600236C55 /* CartCodeCaseTests */ = {
			isa = PBXGroup;
			children = (
				A7E5E245253F4EE600236C55 /* CartCodeCaseTests.swift */,
				A7E5E247253F4EE600236C55 /* Info.plist */,
			);
			path = CartCodeCaseTests;
			sourceTree = "<group>";
		};
		A7E5E24F253F4EE600236C55 /* CartCodeCaseUITests */ = {
			isa = PBXGroup;
			children = (
				A7E5E250253F4EE600236C55 /* CartCodeCaseUITests.swift */,
				A7E5E252253F4EE600236C55 /* Info.plist */,
			);
			path = CartCodeCaseUITests;
			sourceTree = "<group>";
		};
/* End PBXGroup section */

/* Begin PBXNativeTarget section */
		A7E5E227253F4EE500236C55 /* CartCodeCase */ = {
			isa = PBXNativeTarget;
			buildConfigurationList = A7E5E255253F4EE600236C55 /* Build configuration list for PBXNativeTarget "CartCodeCase" */;
			buildPhases = (
				A7E5E224253F4EE500236C55 /* Sources */,
				A7E5E225253F4EE500236C55 /* Frameworks */,
				A7E5E226253F4EE500236C55 /* Resources */,
			);
			buildRules = (
			);
			dependencies = (
			);
			name = CartCodeCase;
			productName = CartCodeCase;
			productReference = A7E5E228253F4EE500236C55 /* CartCodeCase.app */;
			productType = "com.apple.product-type.application";
		};
		A7E5E240253F4EE600236C55 /* CartCodeCaseTests */ = {
			isa = PBXNativeTarget;
			buildConfigurationList = A7E5E258253F4EE600236C55 /* Build configuration list for PBXNativeTarget "CartCodeCaseTests" */;
			buildPhases = (
				A7E5E23D253F4EE600236C55 /* Sources */,
				A7E5E23E253F4EE600236C55 /* Frameworks */,
				A7E5E23F253F4EE600236C55 /* Resources */,
			);
			buildRules = (
			);
			dependencies = (
				A7E5E243253F4EE600236C55 /* PBXTargetDependency */,
			);
			name = CartCodeCaseTests;
			productName = CartCodeCaseTests;
			productReference = A7E5E241253F4EE600236C55 /* CartCodeCaseTests.xctest */;
			productType = "com.apple.product-type.bundle.unit-test";
		};
		A7E5E24B253F4EE600236C55 /* CartCodeCaseUITests */ = {
			isa = PBXNativeTarget;
			buildConfigurationList = A7E5E25B253F4EE600236C55 /* Build configuration list for PBXNativeTarget "CartCodeCaseUITests" */;
			buildPhases = (
				A7E5E248253F4EE600236C55 /* Sources */,
				A7E5E249253F4EE600236C55 /* Frameworks */,
				A7E5E24A253F4EE600236C55 /* Resources */,
			);
			buildRules = (
			);
			dependencies = (
				A7E5E24E253F4EE600236C55 /* PBXTargetDependency */,
			);
			name = CartCodeCaseUITests;
			productName = CartCodeCaseUITests;
			productReference = A7E5E24C253F4EE600236C55 /* CartCodeCaseUITests.xctest */;
			productType = "com.apple.product-type.bundle.ui-testing";
		};
/* End PBXNativeTarget section */

/* Begin PBXProject section */
		A7E5E220253F4EE500236C55 /* Project object */ = {
			isa = PBXProject;
			attributes = {
				LastSwiftUpdateCheck = 1200;
				LastUpgradeCheck = 1200;
				TargetAttributes = {
					A7E5E227253F4EE500236C55 = {
						CreatedOnToolsVersion = 12.0;
					};
					A7E5E240253F4EE600236C55 = {
						CreatedOnToolsVersion = 12.0;
						TestTargetID = A7E5E227253F4EE500236C55;
					};
					A7E5E24B253F4EE600236C55 = {
						CreatedOnToolsVersion = 12.0;
						TestTargetID = A7E5E227253F4EE500236C55;
					};
				};
			};
			buildConfigurationList = A7E5E223253F4EE500236C55 /* Build configuration list for PBXProject "CartCodeCase" */;
			compatibilityVersion = "Xcode 9.3";
			developmentRegion = en;
			hasScannedForEncodings = 0;
			knownRegions = (
				en,
				Base,
			);
			mainGroup = A7E5E21F253F4EE500236C55;
			productRefGroup = A7E5E229253F4EE500236C55 /* Products */;
			projectDirPath = "";
			projectRoot = "";
			targets = (
				A7E5E227253F4EE500236C55 /* CartCodeCase */,
				A7E5E240253F4EE600236C55 /* CartCodeCaseTests */,
				A7E5E24B253F4EE600236C55 /* CartCodeCaseUITests */,
			);
		};
/* End PBXProject section */

/* Begin PBXResourcesBuildPhase section */
		A7E5E226253F4EE500236C55 /* Resources */ = {
			isa = PBXResourcesBuildPhase;
			buildActionMask = 2147483647;
			files = (
				A7E5E23B253F4EE600236C55 /* LaunchScreen.storyboard in Resources */,
				A7E5E238253F4EE600236C55 /* Assets.xcassets in Resources */,
				A7E5E233253F4EE500236C55 /* Main.storyboard in Resources */,
			);
			runOnlyForDeploymentPostprocessing = 0;
		};
		A7E5E23F253F4EE600236C55 /* Resources */ = {
			isa = PBXResourcesBuildPhase;
			buildActionMask = 2147483647;
			files = (
			);
			runOnlyForDeploymentPostprocessing = 0;
		};
		A7E5E24A253F4EE600236C55 /* Resources */ = {
			isa = PBXResourcesBuildPhase;
			buildActionMask = 2147483647;
			files = (
			);
			runOnlyForDeploymentPostprocessing = 0;
		};
/* End PBXResourcesBuildPhase section */

/* Begin PBXSourcesBuildPhase section */
		A7E5E224253F4EE500236C55 /* Sources */ = {
			isa = PBXSourcesBuildPhase;
			buildActionMask = 2147483647;
			files = (
				A7E5E230253F4EE500236C55 /* ViewController.swift in Sources */,
				A7E5E22C253F4EE500236C55 /* AppDelegate.swift in Sources */,
				A7E5E236253F4EE500236C55 /* CartCodeCase.xcdatamodeld in Sources */,
				A7E5E22E253F4EE500236C55 /* SceneDelegate.swift in Sources */,
			);
			runOnlyForDeploymentPostprocessing = 0;
		};
		A7E5E23D253F4EE600236C55 /* Sources */ = {
			isa = PBXSourcesBuildPhase;
			buildActionMask = 2147483647;
			files = (
				A7E5E246253F4EE600236C55 /* CartCodeCaseTests.swift in Sources */,
			);
			runOnlyForDeploymentPostprocessing = 0;
		};
		A7E5E248253F4EE600236C55 /* Sources */ = {
			isa = PBXSourcesBuildPhase;
			buildActionMask = 2147483647;
			files = (
				A7E5E251253F4EE600236C55 /* CartCodeCaseUITests.swift in Sources */,
			);
			runOnlyForDeploymentPostprocessing = 0;
		};
/* End PBXSourcesBuildPhase section */

/* Begin PBXTargetDependency section */
		A7E5E243253F4EE600236C55 /* PBXTargetDependency */ = {
			isa = PBXTargetDependency;
			target = A7E5E227253F4EE500236C55 /* CartCodeCase */;
			targetProxy = A7E5E242253F4EE600236C55 /* PBXContainerItemProxy */;
		};
		A7E5E24E253F4EE600236C55 /* PBXTargetDependency */ = {
			isa = PBXTargetDependency;
			target = A7E5E227253F4EE500236C55 /* CartCodeCase */;
			targetProxy = A7E5E24D253F4EE600236C55 /* PBXContainerItemProxy */;
		};
/* End PBXTargetDependency section */

/* Begin PBXVariantGroup section */
		A7E5E231253F4EE500236C55 /* Main.storyboard */ = {
			isa = PBXVariantGroup;
			children = (
				A7E5E232253F4EE500236C55 /* Base */,
			);
			name = Main.storyboard;
			sourceTree = "<group>";
		};
		A7E5E239253F4EE600236C55 /* LaunchScreen.storyboard */ = {
			isa = PBXVariantGroup;
			children = (
				A7E5E23A253F4EE600236C55 /* Base */,
			);
			name = LaunchScreen.storyboard;
			sourceTree = "<group>";
		};
/* End PBXVariantGroup section */

/* Begin XCBuildConfiguration section */
		A7E5E253253F4EE600236C55 /* Debug */ = {
			isa = XCBuildConfiguration;
			buildSettings = {
				ALWAYS_SEARCH_USER_PATHS = NO;
				CLANG_ANALYZER_NONNULL = YES;
				CLANG_ANALYZER_NUMBER_OBJECT_CONVERSION = YES_AGGRESSIVE;
				CLANG_CXX_LANGUAGE_STANDARD = "gnu++14";
				CLANG_CXX_LIBRARY = "libc++";
				CLANG_ENABLE_MODULES = YES;
				CLANG_ENABLE_OBJC_ARC = YES;
				CLANG_ENABLE_OBJC_WEAK = YES;
				CLANG_WARN_BLOCK_CAPTURE_AUTORELEASING = YES;
				CLANG_WARN_BOOL_CONVERSION = YES;
				CLANG_WARN_COMMA = YES;
				CLANG_WARN_CONSTANT_CONVERSION = YES;
				CLANG_WARN_DEPRECATED_OBJC_IMPLEMENTATIONS = YES;
				CLANG_WARN_DIRECT_OBJC_ISA_USAGE = YES_ERROR;
				CLANG_WARN_DOCUMENTATION_COMMENTS = YES;
				CLANG_WARN_EMPTY_BODY = YES;
				CLANG_WARN_ENUM_CONVERSION = YES;
				CLANG_WARN_INFINITE_RECURSION = YES;
				CLANG_WARN_INT_CONVERSION = YES;
				CLANG_WARN_NON_LITERAL_NULL_CONVERSION = YES;
				CLANG_WARN_OBJC_IMPLICIT_RETAIN_SELF = YES;
				CLANG_WARN_OBJC_LITERAL_CONVERSION = YES;
				CLANG_WARN_OBJC_ROOT_CLASS = YES_ERROR;
				CLANG_WARN_QUOTED_INCLUDE_IN_FRAMEWORK_HEADER = YES;
				CLANG_WARN_RANGE_LOOP_ANALYSIS = YES;
				CLANG_WARN_STRICT_PROTOTYPES = YES;
				CLANG_WARN_SUSPICIOUS_MOVE = YES;
				CLANG_WARN_UNGUARDED_AVAILABILITY = YES_AGGRESSIVE;
				CLANG_WARN_UNREACHABLE_CODE = YES;
				CLANG_WARN__DUPLICATE_METHOD_MATCH = YES;
				COPY_PHASE_STRIP = NO;
				DEBUG_INFORMATION_FORMAT = dwarf;
				ENABLE_STRICT_OBJC_MSGSEND = YES;
				ENABLE_TESTABILITY = YES;
				GCC_C_LANGUAGE_STANDARD = gnu11;
				GCC_DYNAMIC_NO_PIC = NO;
				GCC_NO_COMMON_BLOCKS = YES;
				GCC_OPTIMIZATION_LEVEL = 0;
				GCC_PREPROCESSOR_DEFINITIONS = (
					"DEBUG=1",
					"$(inherited)",
				);
				GCC_WARN_64_TO_32_BIT_CONVERSION = YES;
				GCC_WARN_ABOUT_RETURN_TYPE = YES_ERROR;
				GCC_WARN_UNDECLARED_SELECTOR = YES;
				GCC_WARN_UNINITIALIZED_AUTOS = YES_AGGRESSIVE;
				GCC_WARN_UNUSED_FUNCTION = YES;
				GCC_WARN_UNUSED_VARIABLE = YES;
				IPHONEOS_DEPLOYMENT_TARGET = 14.0;
				MTL_ENABLE_DEBUG_INFO = INCLUDE_SOURCE;
				MTL_FAST_MATH = YES;
				ONLY_ACTIVE_ARCH = YES;
				SDKROOT = iphoneos;
				SWIFT_ACTIVE_COMPILATION_CONDITIONS = DEBUG;
				SWIFT_OPTIMIZATION_LEVEL = "-Onone";
			};
			name = Debug;
		};
		A7E5E254253F4EE600236C55 /* Release */ = {
			isa = XCBuildConfiguration;
			buildSettings = {
				ALWAYS_SEARCH_USER_PATHS = NO;
				CLANG_ANALYZER_NONNULL = YES;
				CLANG_ANALYZER_NUMBER_OBJECT_CONVERSION = YES_AGGRESSIVE;
				CLANG_CXX_LANGUAGE_STANDARD = "gnu++14";
				CLANG_CXX_LIBRARY = "libc++";
				CLANG_ENABLE_MODULES = YES;
				CLANG_ENABLE_OBJC_ARC = YES;
				CLANG_ENABLE_OBJC_WEAK = YES;
				CLANG_WARN_BLOCK_CAPTURE_AUTORELEASING = YES;
				CLANG_WARN_BOOL_CONVERSION = YES;
				CLANG_WARN_COMMA = YES;
				CLANG_WARN_CONSTANT_CONVERSION = YES;
				CLANG_WARN_DEPRECATED_OBJC_IMPLEMENTATIONS = YES;
				CLANG_WARN_DIRECT_OBJC_ISA_USAGE = YES_ERROR;
				CLANG_WARN_DOCUMENTATION_COMMENTS = YES;
				CLANG_WARN_EMPTY_BODY = YES;
				CLANG_WARN_ENUM_CONVERSION = YES;
				CLANG_WARN_INFINITE_RECURSION = YES;
				CLANG_WARN_INT_CONVERSION = YES;
				CLANG_WARN_NON_LITERAL_NULL_CONVERSION = YES;
				CLANG_WARN_OBJC_IMPLICIT_RETAIN_SELF = YES;
				CLANG_WARN_OBJC_LITERAL_CONVERSION = YES;
				CLANG_WARN_OBJC_ROOT_CLASS = YES_ERROR;
				CLANG_WARN_QUOTED_INCLUDE_IN_FRAMEWORK_HEADER = YES;
				CLANG_WARN_RANGE_LOOP_ANALYSIS = YES;
				CLANG_WARN_STRICT_PROTOTYPES = YES;
				CLANG_WARN_SUSPICIOUS_MOVE = YES;
				CLANG_WARN_UNGUARDED_AVAILABILITY = YES_AGGRESSIVE;
				CLANG_WARN_UNREACHABLE_CODE = YES;
				CLANG_WARN__DUPLICATE_METHOD_MATCH = YES;
				COPY_PHASE_STRIP = NO;
				DEBUG_INFORMATION_FORMAT = "dwarf-with-dsym";
				ENABLE_NS_ASSERTIONS = NO;
				ENABLE_STRICT_OBJC_MSGSEND = YES;
				GCC_C_LANGUAGE_STANDARD = gnu11;
				GCC_NO_COMMON_BLOCKS = YES;
				GCC_WARN_64_TO_32_BIT_CONVERSION = YES;
				GCC_WARN_ABOUT_RETURN_TYPE = YES_ERROR;
				GCC_WARN_UNDECLARED_SELECTOR = YES;
				GCC_WARN_UNINITIALIZED_AUTOS = YES_AGGRESSIVE;
				GCC_WARN_UNUSED_FUNCTION = YES;
				GCC_WARN_UNUSED_VARIABLE = YES;
				IPHONEOS_DEPLOYMENT_TARGET = 14.0;
				MTL_ENABLE_DEBUG_INFO = NO;
				MTL_FAST_MATH = YES;
				SDKROOT = iphoneos;
				SWIFT_COMPILATION_MODE = wholemodule;
				SWIFT_OPTIMIZATION_LEVEL = "-O";
				VALIDATE_PRODUCT = YES;
			};
			name = Release;
		};
		A7E5E256253F4EE600236C55 /* Debug */ = {
			isa = XCBuildConfiguration;
			buildSettings = {
				ASSETCATALOG_COMPILER_APPICON_NAME = AppIcon;
				ASSETCATALOG_COMPILER_GLOBAL_ACCENT_COLOR_NAME = AccentColor;
				CODE_SIGN_STYLE = Automatic;
				DEVELOPMENT_TEAM = ZVL2SV8VV7;
				INFOPLIST_FILE = CartCodeCase/Info.plist;
				LD_RUNPATH_SEARCH_PATHS = (
					"$(inherited)",
					"@executable_path/Frameworks",
				);
				PRODUCT_BUNDLE_IDENTIFIER = com.sampleCompany.CartCodeCase;
				PRODUCT_NAME = "$(TARGET_NAME)";
				SWIFT_VERSION = 5.0;
				TARGETED_DEVICE_FAMILY = "1,2";
			};
			name = Debug;
		};
		A7E5E257253F4EE600236C55 /* Release */ = {
			isa = XCBuildConfiguration;
			buildSettings = {
				ASSETCATALOG_COMPILER_APPICON_NAME = AppIcon;
				ASSETCATALOG_COMPILER_GLOBAL_ACCENT_COLOR_NAME = AccentColor;
				CODE_SIGN_STYLE = Automatic;
				DEVELOPMENT_TEAM = ZVL2SV8VV7;
				INFOPLIST_FILE = CartCodeCase/Info.plist;
				LD_RUNPATH_SEARCH_PATHS = (
					"$(inherited)",
					"@executable_path/Frameworks",
				);
				PRODUCT_BUNDLE_IDENTIFIER = com.sampleCompany.CartCodeCase;
				PRODUCT_NAME = "$(TARGET_NAME)";
				SWIFT_VERSION = 5.0;
				TARGETED_DEVICE_FAMILY = "1,2";
			};
			name = Release;
		};
		A7E5E259253F4EE600236C55 /* Debug */ = {
			isa = XCBuildConfiguration;
			buildSettings = {
				ALWAYS_EMBED_SWIFT_STANDARD_LIBRARIES = YES;
				BUNDLE_LOADER = "$(TEST_HOST)";
				CODE_SIGN_STYLE = Automatic;
				DEVELOPMENT_TEAM = ZVL2SV8VV7;
				INFOPLIST_FILE = CartCodeCaseTests/Info.plist;
				IPHONEOS_DEPLOYMENT_TARGET = 14.0;
				LD_RUNPATH_SEARCH_PATHS = (
					"$(inherited)",
					"@executable_path/Frameworks",
					"@loader_path/Frameworks",
				);
				PRODUCT_BUNDLE_IDENTIFIER = com.sampleCompany.CartCodeCaseTests;
				PRODUCT_NAME = "$(TARGET_NAME)";
				SWIFT_VERSION = 5.0;
				TARGETED_DEVICE_FAMILY = "1,2";
				TEST_HOST = "$(BUILT_PRODUCTS_DIR)/CartCodeCase.app/CartCodeCase";
			};
			name = Debug;
		};
		A7E5E25A253F4EE600236C55 /* Release */ = {
			isa = XCBuildConfiguration;
			buildSettings = {
				ALWAYS_EMBED_SWIFT_STANDARD_LIBRARIES = YES;
				BUNDLE_LOADER = "$(TEST_HOST)";
				CODE_SIGN_STYLE = Automatic;
				DEVELOPMENT_TEAM = ZVL2SV8VV7;
				INFOPLIST_FILE = CartCodeCaseTests/Info.plist;
				IPHONEOS_DEPLOYMENT_TARGET = 14.0;
				LD_RUNPATH_SEARCH_PATHS = (
					"$(inherited)",
					"@executable_path/Frameworks",
					"@loader_path/Frameworks",
				);
				PRODUCT_BUNDLE_IDENTIFIER = com.sampleCompany.CartCodeCaseTests;
				PRODUCT_NAME = "$(TARGET_NAME)";
				SWIFT_VERSION = 5.0;
				TARGETED_DEVICE_FAMILY = "1,2";
				TEST_HOST = "$(BUILT_PRODUCTS_DIR)/CartCodeCase.app/CartCodeCase";
			};
			name = Release;
		};
		A7E5E25C253F4EE600236C55 /* Debug */ = {
			isa = XCBuildConfiguration;
			buildSettings = {
				ALWAYS_EMBED_SWIFT_STANDARD_LIBRARIES = YES;
				CODE_SIGN_STYLE = Automatic;
				DEVELOPMENT_TEAM = ZVL2SV8VV7;
				INFOPLIST_FILE = CartCodeCaseUITests/Info.plist;
				LD_RUNPATH_SEARCH_PATHS = (
					"$(inherited)",
					"@executable_path/Frameworks",
					"@loader_path/Frameworks",
				);
				PRODUCT_BUNDLE_IDENTIFIER = com.sampleCompany.CartCodeCaseUITests;
				PRODUCT_NAME = "$(TARGET_NAME)";
				SWIFT_VERSION = 5.0;
				TARGETED_DEVICE_FAMILY = "1,2";
				TEST_TARGET_NAME = CartCodeCase;
			};
			name = Debug;
		};
		A7E5E25D253F4EE600236C55 /* Release */ = {
			isa = XCBuildConfiguration;
			buildSettings = {
				ALWAYS_EMBED_SWIFT_STANDARD_LIBRARIES = YES;
				CODE_SIGN_STYLE = Automatic;
				DEVELOPMENT_TEAM = ZVL2SV8VV7;
				INFOPLIST_FILE = CartCodeCaseUITests/Info.plist;
				LD_RUNPATH_SEARCH_PATHS = (
					"$(inherited)",
					"@executable_path/Frameworks",
					"@loader_path/Frameworks",
				);
				PRODUCT_BUNDLE_IDENTIFIER = com.sampleCompany.CartCodeCaseUITests;
				PRODUCT_NAME = "$(TARGET_NAME)";
				SWIFT_VERSION = 5.0;
				TARGETED_DEVICE_FAMILY = "1,2";
				TEST_TARGET_NAME = CartCodeCase;
			};
			name = Release;
		};
/* End XCBuildConfiguration section */

/* Begin XCConfigurationList section */
		A7E5E223253F4EE500236C55 /* Build configuration list for PBXProject "CartCodeCase" */ = {
			isa = XCConfigurationList;
			buildConfigurations = (
				A7E5E253253F4EE600236C55 /* Debug */,
				A7E5E254253F4EE600236C55 /* Release */,
			);
			defaultConfigurationIsVisible = 0;
			defaultConfigurationName = Release;
		};
		A7E5E255253F4EE600236C55 /* Build configuration list for PBXNativeTarget "CartCodeCase" */ = {
			isa = XCConfigurationList;
			buildConfigurations = (
				A7E5E256253F4EE600236C55 /* Debug */,
				A7E5E257253F4EE600236C55 /* Release */,
			);
			defaultConfigurationIsVisible = 0;
			defaultConfigurationName = Release;
		};
		A7E5E258253F4EE600236C55 /* Build configuration list for PBXNativeTarget "CartCodeCaseTests" */ = {
			isa = XCConfigurationList;
			buildConfigurations = (
				A7E5E259253F4EE600236C55 /* Debug */,
				A7E5E25A253F4EE600236C55 /* Release */,
			);
			defaultConfigurationIsVisible = 0;
			defaultConfigurationName = Release;
		};
		A7E5E25B253F4EE600236C55 /* Build configuration list for PBXNativeTarget "CartCodeCaseUITests" */ = {
			isa = XCConfigurationList;
			buildConfigurations = (
				A7E5E25C253F4EE600236C55 /* Debug */,
				A7E5E25D253F4EE600236C55 /* Release */,
			);
			defaultConfigurationIsVisible = 0;
			defaultConfigurationName = Release;
		};
/* End XCConfigurationList section */

/* Begin XCVersionGroup section */
		A7E5E234253F4EE500236C55 /* CartCodeCase.xcdatamodeld */ = {
			isa = XCVersionGroup;
			children = (
				A7E5E235253F4EE500236C55 /* CartCodeCase.xcdatamodel */,
			);
			currentVersion = A7E5E235253F4EE500236C55 /* CartCodeCase.xcdatamodel */;
			path = CartCodeCase.xcdatamodeld;
			sourceTree = "<group>";
			versionGroupType = wrapper.xcdatamodel;
		};
/* End XCVersionGroup section */
	};
	rootObject = A7E5E220253F4EE500236C55 /* Project object */;
}
