// !$*UTF8*$!
{
	archiveVersion = 1;
	classes = {
	};
	objectVersion = 50;
	objects = {

/* Begin PBXBuildFile section */
		A7C9B9EF2543956200683BB3 /* AppDelegate.swift in Sources */ = {isa = PBXBuildFile; fileRef = A7C9B9EE2543956200683BB3 /* AppDelegate.swift */; };
		A7C9B9F12543956200683BB3 /* SceneDelegate.swift in Sources */ = {isa = PBXBuildFile; fileRef = A7C9B9F02543956200683BB3 /* SceneDelegate.swift */; };
		A7C9B9F32543956200683BB3 /* ViewController.swift in Sources */ = {isa = PBXBuildFile; fileRef = A7C9B9F22543956200683BB3 /* ViewController.swift */; };
		A7C9B9F62543956200683BB3 /* Main.storyboard in Resources */ = {isa = PBXBuildFile; fileRef = A7C9B9F42543956200683BB3 /* Main.storyboard */; };
		A7C9B9F92543956200683BB3 /* TESTTEST.xcdatamodeld in Sources */ = {isa = PBXBuildFile; fileRef = A7C9B9F72543956200683BB3 /* TESTTEST.xcdatamodeld */; };
		A7C9B9FB2543956400683BB3 /* Assets.xcassets in Resources */ = {isa = PBXBuildFile; fileRef = A7C9B9FA2543956400683BB3 /* Assets.xcassets */; };
		A7C9B9FE2543956400683BB3 /* LaunchScreen.storyboard in Resources */ = {isa = PBXBuildFile; fileRef = A7C9B9FC2543956400683BB3 /* LaunchScreen.storyboard */; };
		A7C9BA092543956400683BB3 /* TESTTESTTests.swift in Sources */ = {isa = PBXBuildFile; fileRef = A7C9BA082543956400683BB3 /* TESTTESTTests.swift */; };
		A7C9BA142543956400683BB3 /* TESTTESTUITests.swift in Sources */ = {isa = PBXBuildFile; fileRef = A7C9BA132543956400683BB3 /* TESTTESTUITests.swift */; };
/* End PBXBuildFile section */

/* Begin PBXContainerItemProxy section */
		A7C9BA052543956400683BB3 /* PBXContainerItemProxy */ = {
			isa = PBXContainerItemProxy;
			containerPortal = A7C9B9E32543956200683BB3 /* Project object */;
			proxyType = 1;
			remoteGlobalIDString = A7C9B9EA2543956200683BB3;
			remoteInfo = TESTTEST;
		};
		A7C9BA102543956400683BB3 /* PBXContainerItemProxy */ = {
			isa = PBXContainerItemProxy;
			containerPortal = A7C9B9E32543956200683BB3 /* Project object */;
			proxyType = 1;
			remoteGlobalIDString = A7C9B9EA2543956200683BB3;
			remoteInfo = TESTTEST;
		};
/* End PBXContainerItemProxy section */

/* Begin PBXFileReference section */
		A7C9B9EB2543956200683BB3 /* TESTTEST.app */ = {isa = PBXFileReference; explicitFileType = wrapper.application; includeInIndex = 0; path = TESTTEST.app; sourceTree = BUILT_PRODUCTS_DIR; };
		A7C9B9EE2543956200683BB3 /* AppDelegate.swift */ = {isa = PBXFileReference; lastKnownFileType = sourcecode.swift; path = AppDelegate.swift; sourceTree = "<group>"; };
		A7C9B9F02543956200683BB3 /* SceneDelegate.swift */ = {isa = PBXFileReference; lastKnownFileType = sourcecode.swift; path = SceneDelegate.swift; sourceTree = "<group>"; };
		A7C9B9F22543956200683BB3 /* ViewController.swift */ = {isa = PBXFileReference; lastKnownFileType = sourcecode.swift; path = ViewController.swift; sourceTree = "<group>"; };
		A7C9B9F52543956200683BB3 /* Base */ = {isa = PBXFileReference; lastKnownFileType = file.storyboard; name = Base; path = Base.lproj/Main.storyboard; sourceTree = "<group>"; };
		A7C9B9F82543956200683BB3 /* TESTTEST.xcdatamodel */ = {isa = PBXFileReference; lastKnownFileType = wrapper.xcdatamodel; path = TESTTEST.xcdatamodel; sourceTree = "<group>"; };
		A7C9B9FA2543956400683BB3 /* Assets.xcassets */ = {isa = PBXFileReference; lastKnownFileType = folder.assetcatalog; path = Assets.xcassets; sourceTree = "<group>"; };
		A7C9B9FD2543956400683BB3 /* Base */ = {isa = PBXFileReference; lastKnownFileType = file.storyboard; name = Base; path = Base.lproj/LaunchScreen.storyboard; sourceTree = "<group>"; };
		A7C9B9FF2543956400683BB3 /* Info.plist */ = {isa = PBXFileReference; lastKnownFileType = text.plist.xml; path = Info.plist; sourceTree = "<group>"; };
		A7C9BA042543956400683BB3 /* TESTTESTTests.xctest */ = {isa = PBXFileReference; explicitFileType = wrapper.cfbundle; includeInIndex = 0; path = TESTTESTTests.xctest; sourceTree = BUILT_PRODUCTS_DIR; };
		A7C9BA082543956400683BB3 /* TESTTESTTests.swift */ = {isa = PBXFileReference; lastKnownFileType = sourcecode.swift; path = TESTTESTTests.swift; sourceTree = "<group>"; };
		A7C9BA0A2543956400683BB3 /* Info.plist */ = {isa = PBXFileReference; lastKnownFileType = text.plist.xml; path = Info.plist; sourceTree = "<group>"; };
		A7C9BA0F2543956400683BB3 /* TESTTESTUITests.xctest */ = {isa = PBXFileReference; explicitFileType = wrapper.cfbundle; includeInIndex = 0; path = TESTTESTUITests.xctest; sourceTree = BUILT_PRODUCTS_DIR; };
		A7C9BA132543956400683BB3 /* TESTTESTUITests.swift */ = {isa = PBXFileReference; lastKnownFileType = sourcecode.swift; path = TESTTESTUITests.swift; sourceTree = "<group>"; };
		A7C9BA152543956400683BB3 /* Info.plist */ = {isa = PBXFileReference; lastKnownFileType = text.plist.xml; path = Info.plist; sourceTree = "<group>"; };
/* End PBXFileReference section */

/* Begin PBXFrameworksBuildPhase section */
		A7C9B9E82543956200683BB3 /* Frameworks */ = {
			isa = PBXFrameworksBuildPhase;
			buildActionMask = 2147483647;
			files = (
			);
			runOnlyForDeploymentPostprocessing = 0;
		};
		A7C9BA012543956400683BB3 /* Frameworks */ = {
			isa = PBXFrameworksBuildPhase;
			buildActionMask = 2147483647;
			files = (
			);
			runOnlyForDeploymentPostprocessing = 0;
		};
		A7C9BA0C2543956400683BB3 /* Frameworks */ = {
			isa = PBXFrameworksBuildPhase;
			buildActionMask = 2147483647;
			files = (
			);
			runOnlyForDeploymentPostprocessing = 0;
		};
/* End PBXFrameworksBuildPhase section */

/* Begin PBXGroup section */
		A7C9B9E22543956200683BB3 = {
			isa = PBXGroup;
			children = (
				A7C9B9ED2543956200683BB3 /* TESTTEST */,
				A7C9BA072543956400683BB3 /* TESTTESTTests */,
				A7C9BA122543956400683BB3 /* TESTTESTUITests */,
				A7C9B9EC2543956200683BB3 /* Products */,
			);
			sourceTree = "<group>";
		};
		A7C9B9EC2543956200683BB3 /* Products */ = {
			isa = PBXGroup;
			children = (
				A7C9B9EB2543956200683BB3 /* TESTTEST.app */,
				A7C9BA042543956400683BB3 /* TESTTESTTests.xctest */,
				A7C9BA0F2543956400683BB3 /* TESTTESTUITests.xctest */,
			);
			name = Products;
			sourceTree = "<group>";
		};
		A7C9B9ED2543956200683BB3 /* TESTTEST */ = {
			isa = PBXGroup;
			children = (
				A7C9B9EE2543956200683BB3 /* AppDelegate.swift */,
				A7C9B9F02543956200683BB3 /* SceneDelegate.swift */,
				A7C9B9F22543956200683BB3 /* ViewController.swift */,
				A7C9B9F42543956200683BB3 /* Main.storyboard */,
				A7C9B9FA2543956400683BB3 /* Assets.xcassets */,
				A7C9B9FC2543956400683BB3 /* LaunchScreen.storyboard */,
				A7C9B9FF2543956400683BB3 /* Info.plist */,
				A7C9B9F72543956200683BB3 /* TESTTEST.xcdatamodeld */,
			);
			path = TESTTEST;
			sourceTree = "<group>";
		};
		A7C9BA072543956400683BB3 /* TESTTESTTests */ = {
			isa = PBXGroup;
			children = (
				A7C9BA082543956400683BB3 /* TESTTESTTests.swift */,
				A7C9BA0A2543956400683BB3 /* Info.plist */,
			);
			path = TESTTESTTests;
			sourceTree = "<group>";
		};
		A7C9BA122543956400683BB3 /* TESTTESTUITests */ = {
			isa = PBXGroup;
			children = (
				A7C9BA132543956400683BB3 /* TESTTESTUITests.swift */,
				A7C9BA152543956400683BB3 /* Info.plist */,
			);
			path = TESTTESTUITests;
			sourceTree = "<group>";
		};
/* End PBXGroup section */

/* Begin PBXNativeTarget section */
		A7C9B9EA2543956200683BB3 /* TESTTEST */ = {
			isa = PBXNativeTarget;
			buildConfigurationList = A7C9BA182543956400683BB3 /* Build configuration list for PBXNativeTarget "TESTTEST" */;
			buildPhases = (
				A7C9B9E72543956200683BB3 /* Sources */,
				A7C9B9E82543956200683BB3 /* Frameworks */,
				A7C9B9E92543956200683BB3 /* Resources */,
			);
			buildRules = (
			);
			dependencies = (
			);
			name = TESTTEST;
			productName = TESTTEST;
			productReference = A7C9B9EB2543956200683BB3 /* TESTTEST.app */;
			productType = "com.apple.product-type.application";
		};
		A7C9BA032543956400683BB3 /* TESTTESTTests */ = {
			isa = PBXNativeTarget;
			buildConfigurationList = A7C9BA1B2543956400683BB3 /* Build configuration list for PBXNativeTarget "TESTTESTTests" */;
			buildPhases = (
				A7C9BA002543956400683BB3 /* Sources */,
				A7C9BA012543956400683BB3 /* Frameworks */,
				A7C9BA022543956400683BB3 /* Resources */,
			);
			buildRules = (
			);
			dependencies = (
				A7C9BA062543956400683BB3 /* PBXTargetDependency */,
			);
			name = TESTTESTTests;
			productName = TESTTESTTests;
			productReference = A7C9BA042543956400683BB3 /* TESTTESTTests.xctest */;
			productType = "com.apple.product-type.bundle.unit-test";
		};
		A7C9BA0E2543956400683BB3 /* TESTTESTUITests */ = {
			isa = PBXNativeTarget;
			buildConfigurationList = A7C9BA1E2543956400683BB3 /* Build configuration list for PBXNativeTarget "TESTTESTUITests" */;
			buildPhases = (
				A7C9BA0B2543956400683BB3 /* Sources */,
				A7C9BA0C2543956400683BB3 /* Frameworks */,
				A7C9BA0D2543956400683BB3 /* Resources */,
			);
			buildRules = (
			);
			dependencies = (
				A7C9BA112543956400683BB3 /* PBXTargetDependency */,
			);
			name = TESTTESTUITests;
			productName = TESTTESTUITests;
			productReference = A7C9BA0F2543956400683BB3 /* TESTTESTUITests.xctest */;
			productType = "com.apple.product-type.bundle.ui-testing";
		};
/* End PBXNativeTarget section */

/* Begin PBXProject section */
		A7C9B9E32543956200683BB3 /* Project object */ = {
			isa = PBXProject;
			attributes = {
				LastSwiftUpdateCheck = 1210;
				LastUpgradeCheck = 1210;
				TargetAttributes = {
					A7C9B9EA2543956200683BB3 = {
						CreatedOnToolsVersion = 12.1;
					};
					A7C9BA032543956400683BB3 = {
						CreatedOnToolsVersion = 12.1;
						TestTargetID = A7C9B9EA2543956200683BB3;
					};
					A7C9BA0E2543956400683BB3 = {
						CreatedOnToolsVersion = 12.1;
						TestTargetID = A7C9B9EA2543956200683BB3;
					};
				};
			};
			buildConfigurationList = A7C9B9E62543956200683BB3 /* Build configuration list for PBXProject "TESTTEST" */;
			compatibilityVersion = "Xcode 9.3";
			developmentRegion = en;
			hasScannedForEncodings = 0;
			knownRegions = (
				en,
				Base,
			);
			mainGroup = A7C9B9E22543956200683BB3;
			productRefGroup = A7C9B9EC2543956200683BB3 /* Products */;
			projectDirPath = "";
			projectRoot = "";
			targets = (
				A7C9B9EA2543956200683BB3 /* TESTTEST */,
				A7C9BA032543956400683BB3 /* TESTTESTTests */,
				A7C9BA0E2543956400683BB3 /* TESTTESTUITests */,
			);
		};
/* End PBXProject section */

/* Begin PBXResourcesBuildPhase section */
		A7C9B9E92543956200683BB3 /* Resources */ = {
			isa = PBXResourcesBuildPhase;
			buildActionMask = 2147483647;
			files = (
				A7C9B9FE2543956400683BB3 /* LaunchScreen.storyboard in Resources */,
				A7C9B9FB2543956400683BB3 /* Assets.xcassets in Resources */,
				A7C9B9F62543956200683BB3 /* Main.storyboard in Resources */,
			);
			runOnlyForDeploymentPostprocessing = 0;
		};
		A7C9BA022543956400683BB3 /* Resources */ = {
			isa = PBXResourcesBuildPhase;
			buildActionMask = 2147483647;
			files = (
			);
			runOnlyForDeploymentPostprocessing = 0;
		};
		A7C9BA0D2543956400683BB3 /* Resources */ = {
			isa = PBXResourcesBuildPhase;
			buildActionMask = 2147483647;
			files = (
			);
			runOnlyForDeploymentPostprocessing = 0;
		};
/* End PBXResourcesBuildPhase section */

/* Begin PBXSourcesBuildPhase section */
		A7C9B9E72543956200683BB3 /* Sources */ = {
			isa = PBXSourcesBuildPhase;
			buildActionMask = 2147483647;
			files = (
				A7C9B9F32543956200683BB3 /* ViewController.swift in Sources */,
				A7C9B9F92543956200683BB3 /* TESTTEST.xcdatamodeld in Sources */,
				A7C9B9EF2543956200683BB3 /* AppDelegate.swift in Sources */,
				A7C9B9F12543956200683BB3 /* SceneDelegate.swift in Sources */,
			);
			runOnlyForDeploymentPostprocessing = 0;
		};
		A7C9BA002543956400683BB3 /* Sources */ = {
			isa = PBXSourcesBuildPhase;
			buildActionMask = 2147483647;
			files = (
				A7C9BA092543956400683BB3 /* TESTTESTTests.swift in Sources */,
			);
			runOnlyForDeploymentPostprocessing = 0;
		};
		A7C9BA0B2543956400683BB3 /* Sources */ = {
			isa = PBXSourcesBuildPhase;
			buildActionMask = 2147483647;
			files = (
				A7C9BA142543956400683BB3 /* TESTTESTUITests.swift in Sources */,
			);
			runOnlyForDeploymentPostprocessing = 0;
		};
/* End PBXSourcesBuildPhase section */

/* Begin PBXTargetDependency section */
		A7C9BA062543956400683BB3 /* PBXTargetDependency */ = {
			isa = PBXTargetDependency;
			target = A7C9B9EA2543956200683BB3 /* TESTTEST */;
			targetProxy = A7C9BA052543956400683BB3 /* PBXContainerItemProxy */;
		};
		A7C9BA112543956400683BB3 /* PBXTargetDependency */ = {
			isa = PBXTargetDependency;
			target = A7C9B9EA2543956200683BB3 /* TESTTEST */;
			targetProxy = A7C9BA102543956400683BB3 /* PBXContainerItemProxy */;
		};
/* End PBXTargetDependency section */

/* Begin PBXVariantGroup section */
		A7C9B9F42543956200683BB3 /* Main.storyboard */ = {
			isa = PBXVariantGroup;
			children = (
				A7C9B9F52543956200683BB3 /* Base */,
			);
			name = Main.storyboard;
			sourceTree = "<group>";
		};
		A7C9B9FC2543956400683BB3 /* LaunchScreen.storyboard */ = {
			isa = PBXVariantGroup;
			children = (
				A7C9B9FD2543956400683BB3 /* Base */,
			);
			name = LaunchScreen.storyboard;
			sourceTree = "<group>";
		};
/* End PBXVariantGroup section */

/* Begin XCBuildConfiguration section */
		A7C9BA162543956400683BB3 /* Debug */ = {
			isa = XCBuildConfiguration;
			buildSettings = {
				ALWAYS_SEARCH_USER_PATHS = NO;
				CLANG_ANALYZER_NONNULL = YES;
				CLANG_ANALYZER_NUMBER_OBJECT_CONVERSION = YES_AGGRESSIVE;
				CLANG_CXX_LANGUAGE_STANDARD = "gnu++14";
				CLANG_CXX_LIBRARY = "libc++";
				CLANG_ENABLE_MODULES = YES;
				CLANG_ENABLE_OBJC_ARC = YES;
				CLANG_ENABLE_OBJC_WEAK = YES;
				CLANG_WARN_BLOCK_CAPTURE_AUTORELEASING = YES;
				CLANG_WARN_BOOL_CONVERSION = YES;
				CLANG_WARN_COMMA = YES;
				CLANG_WARN_CONSTANT_CONVERSION = YES;
				CLANG_WARN_DEPRECATED_OBJC_IMPLEMENTATIONS = YES;
				CLANG_WARN_DIRECT_OBJC_ISA_USAGE = YES_ERROR;
				CLANG_WARN_DOCUMENTATION_COMMENTS = YES;
				CLANG_WARN_EMPTY_BODY = YES;
				CLANG_WARN_ENUM_CONVERSION = YES;
				CLANG_WARN_INFINITE_RECURSION = YES;
				CLANG_WARN_INT_CONVERSION = YES;
				CLANG_WARN_NON_LITERAL_NULL_CONVERSION = YES;
				CLANG_WARN_OBJC_IMPLICIT_RETAIN_SELF = YES;
				CLANG_WARN_OBJC_LITERAL_CONVERSION = YES;
				CLANG_WARN_OBJC_ROOT_CLASS = YES_ERROR;
				CLANG_WARN_QUOTED_INCLUDE_IN_FRAMEWORK_HEADER = YES;
				CLANG_WARN_RANGE_LOOP_ANALYSIS = YES;
				CLANG_WARN_STRICT_PROTOTYPES = YES;
				CLANG_WARN_SUSPICIOUS_MOVE = YES;
				CLANG_WARN_UNGUARDED_AVAILABILITY = YES_AGGRESSIVE;
				CLANG_WARN_UNREACHABLE_CODE = YES;
				CLANG_WARN__DUPLICATE_METHOD_MATCH = YES;
				COPY_PHASE_STRIP = NO;
				DEBUG_INFORMATION_FORMAT = dwarf;
				ENABLE_STRICT_OBJC_MSGSEND = YES;
				ENABLE_TESTABILITY = YES;
				GCC_C_LANGUAGE_STANDARD = gnu11;
				GCC_DYNAMIC_NO_PIC = NO;
				GCC_NO_COMMON_BLOCKS = YES;
				GCC_OPTIMIZATION_LEVEL = 0;
				GCC_PREPROCESSOR_DEFINITIONS = (
					"DEBUG=1",
					"$(inherited)",
				);
				GCC_WARN_64_TO_32_BIT_CONVERSION = YES;
				GCC_WARN_ABOUT_RETURN_TYPE = YES_ERROR;
				GCC_WARN_UNDECLARED_SELECTOR = YES;
				GCC_WARN_UNINITIALIZED_AUTOS = YES_AGGRESSIVE;
				GCC_WARN_UNUSED_FUNCTION = YES;
				GCC_WARN_UNUSED_VARIABLE = YES;
				IPHONEOS_DEPLOYMENT_TARGET = 14.1;
				MTL_ENABLE_DEBUG_INFO = INCLUDE_SOURCE;
				MTL_FAST_MATH = YES;
				ONLY_ACTIVE_ARCH = YES;
				SDKROOT = iphoneos;
				SWIFT_ACTIVE_COMPILATION_CONDITIONS = DEBUG;
				SWIFT_OPTIMIZATION_LEVEL = "-Onone";
			};
			name = Debug;
		};
		A7C9BA172543956400683BB3 /* Release */ = {
			isa = XCBuildConfiguration;
			buildSettings = {
				ALWAYS_SEARCH_USER_PATHS = NO;
				CLANG_ANALYZER_NONNULL = YES;
				CLANG_ANALYZER_NUMBER_OBJECT_CONVERSION = YES_AGGRESSIVE;
				CLANG_CXX_LANGUAGE_STANDARD = "gnu++14";
				CLANG_CXX_LIBRARY = "libc++";
				CLANG_ENABLE_MODULES = YES;
				CLANG_ENABLE_OBJC_ARC = YES;
				CLANG_ENABLE_OBJC_WEAK = YES;
				CLANG_WARN_BLOCK_CAPTURE_AUTORELEASING = YES;
				CLANG_WARN_BOOL_CONVERSION = YES;
				CLANG_WARN_COMMA = YES;
				CLANG_WARN_CONSTANT_CONVERSION = YES;
				CLANG_WARN_DEPRECATED_OBJC_IMPLEMENTATIONS = YES;
				CLANG_WARN_DIRECT_OBJC_ISA_USAGE = YES_ERROR;
				CLANG_WARN_DOCUMENTATION_COMMENTS = YES;
				CLANG_WARN_EMPTY_BODY = YES;
				CLANG_WARN_ENUM_CONVERSION = YES;
				CLANG_WARN_INFINITE_RECURSION = YES;
				CLANG_WARN_INT_CONVERSION = YES;
				CLANG_WARN_NON_LITERAL_NULL_CONVERSION = YES;
				CLANG_WARN_OBJC_IMPLICIT_RETAIN_SELF = YES;
				CLANG_WARN_OBJC_LITERAL_CONVERSION = YES;
				CLANG_WARN_OBJC_ROOT_CLASS = YES_ERROR;
				CLANG_WARN_QUOTED_INCLUDE_IN_FRAMEWORK_HEADER = YES;
				CLANG_WARN_RANGE_LOOP_ANALYSIS = YES;
				CLANG_WARN_STRICT_PROTOTYPES = YES;
				CLANG_WARN_SUSPICIOUS_MOVE = YES;
				CLANG_WARN_UNGUARDED_AVAILABILITY = YES_AGGRESSIVE;
				CLANG_WARN_UNREACHABLE_CODE = YES;
				CLANG_WARN__DUPLICATE_METHOD_MATCH = YES;
				COPY_PHASE_STRIP = NO;
				DEBUG_INFORMATION_FORMAT = "dwarf-with-dsym";
				ENABLE_NS_ASSERTIONS = NO;
				ENABLE_STRICT_OBJC_MSGSEND = YES;
				GCC_C_LANGUAGE_STANDARD = gnu11;
				GCC_NO_COMMON_BLOCKS = YES;
				GCC_WARN_64_TO_32_BIT_CONVERSION = YES;
				GCC_WARN_ABOUT_RETURN_TYPE = YES_ERROR;
				GCC_WARN_UNDECLARED_SELECTOR = YES;
				GCC_WARN_UNINITIALIZED_AUTOS = YES_AGGRESSIVE;
				GCC_WARN_UNUSED_FUNCTION = YES;
				GCC_WARN_UNUSED_VARIABLE = YES;
				IPHONEOS_DEPLOYMENT_TARGET = 14.1;
				MTL_ENABLE_DEBUG_INFO = NO;
				MTL_FAST_MATH = YES;
				SDKROOT = iphoneos;
				SWIFT_COMPILATION_MODE = wholemodule;
				SWIFT_OPTIMIZATION_LEVEL = "-O";
				VALIDATE_PRODUCT = YES;
			};
			name = Release;
		};
		A7C9BA192543956400683BB3 /* Debug */ = {
			isa = XCBuildConfiguration;
			buildSettings = {
				ASSETCATALOG_COMPILER_APPICON_NAME = AppIcon;
				ASSETCATALOG_COMPILER_GLOBAL_ACCENT_COLOR_NAME = AccentColor;
				CODE_SIGN_STYLE = Automatic;
				DEVELOPMENT_TEAM = ZVL2SV8VV7;
				INFOPLIST_FILE = TESTTEST/Info.plist;
				LD_RUNPATH_SEARCH_PATHS = (
					"$(inherited)",
					"@executable_path/Frameworks",
				);
				PRODUCT_BUNDLE_IDENTIFIER = com.sampleCompany.TESTTEST;
				PRODUCT_NAME = "$(TARGET_NAME)";
				SWIFT_VERSION = 5.0;
				TARGETED_DEVICE_FAMILY = "1,2";
			};
			name = Debug;
		};
		A7C9BA1A2543956400683BB3 /* Release */ = {
			isa = XCBuildConfiguration;
			buildSettings = {
				ASSETCATALOG_COMPILER_APPICON_NAME = AppIcon;
				ASSETCATALOG_COMPILER_GLOBAL_ACCENT_COLOR_NAME = AccentColor;
				CODE_SIGN_STYLE = Automatic;
				DEVELOPMENT_TEAM = ZVL2SV8VV7;
				INFOPLIST_FILE = TESTTEST/Info.plist;
				LD_RUNPATH_SEARCH_PATHS = (
					"$(inherited)",
					"@executable_path/Frameworks",
				);
				PRODUCT_BUNDLE_IDENTIFIER = com.sampleCompany.TESTTEST;
				PRODUCT_NAME = "$(TARGET_NAME)";
				SWIFT_VERSION = 5.0;
				TARGETED_DEVICE_FAMILY = "1,2";
			};
			name = Release;
		};
		A7C9BA1C2543956400683BB3 /* Debug */ = {
			isa = XCBuildConfiguration;
			buildSettings = {
				ALWAYS_EMBED_SWIFT_STANDARD_LIBRARIES = YES;
				BUNDLE_LOADER = "$(TEST_HOST)";
				CODE_SIGN_STYLE = Automatic;
				DEVELOPMENT_TEAM = ZVL2SV8VV7;
				INFOPLIST_FILE = TESTTESTTests/Info.plist;
				IPHONEOS_DEPLOYMENT_TARGET = 14.1;
				LD_RUNPATH_SEARCH_PATHS = (
					"$(inherited)",
					"@executable_path/Frameworks",
					"@loader_path/Frameworks",
				);
				PRODUCT_BUNDLE_IDENTIFIER = com.sampleCompany.TESTTESTTests;
				PRODUCT_NAME = "$(TARGET_NAME)";
				SWIFT_VERSION = 5.0;
				TARGETED_DEVICE_FAMILY = "1,2";
				TEST_HOST = "$(BUILT_PRODUCTS_DIR)/TESTTEST.app/TESTTEST";
			};
			name = Debug;
		};
		A7C9BA1D2543956400683BB3 /* Release */ = {
			isa = XCBuildConfiguration;
			buildSettings = {
				ALWAYS_EMBED_SWIFT_STANDARD_LIBRARIES = YES;
				BUNDLE_LOADER = "$(TEST_HOST)";
				CODE_SIGN_STYLE = Automatic;
				DEVELOPMENT_TEAM = ZVL2SV8VV7;
				INFOPLIST_FILE = TESTTESTTests/Info.plist;
				IPHONEOS_DEPLOYMENT_TARGET = 14.1;
				LD_RUNPATH_SEARCH_PATHS = (
					"$(inherited)",
					"@executable_path/Frameworks",
					"@loader_path/Frameworks",
				);
				PRODUCT_BUNDLE_IDENTIFIER = com.sampleCompany.TESTTESTTests;
				PRODUCT_NAME = "$(TARGET_NAME)";
				SWIFT_VERSION = 5.0;
				TARGETED_DEVICE_FAMILY = "1,2";
				TEST_HOST = "$(BUILT_PRODUCTS_DIR)/TESTTEST.app/TESTTEST";
			};
			name = Release;
		};
		A7C9BA1F2543956400683BB3 /* Debug */ = {
			isa = XCBuildConfiguration;
			buildSettings = {
				ALWAYS_EMBED_SWIFT_STANDARD_LIBRARIES = YES;
				CODE_SIGN_STYLE = Automatic;
				DEVELOPMENT_TEAM = ZVL2SV8VV7;
				INFOPLIST_FILE = TESTTESTUITests/Info.plist;
				LD_RUNPATH_SEARCH_PATHS = (
					"$(inherited)",
					"@executable_path/Frameworks",
					"@loader_path/Frameworks",
				);
				PRODUCT_BUNDLE_IDENTIFIER = com.sampleCompany.TESTTESTUITests;
				PRODUCT_NAME = "$(TARGET_NAME)";
				SWIFT_VERSION = 5.0;
				TARGETED_DEVICE_FAMILY = "1,2";
				TEST_TARGET_NAME = TESTTEST;
			};
			name = Debug;
		};
		A7C9BA202543956400683BB3 /* Release */ = {
			isa = XCBuildConfiguration;
			buildSettings = {
				ALWAYS_EMBED_SWIFT_STANDARD_LIBRARIES = YES;
				CODE_SIGN_STYLE = Automatic;
				DEVELOPMENT_TEAM = ZVL2SV8VV7;
				INFOPLIST_FILE = TESTTESTUITests/Info.plist;
				LD_RUNPATH_SEARCH_PATHS = (
					"$(inherited)",
					"@executable_path/Frameworks",
					"@loader_path/Frameworks",
				);
				PRODUCT_BUNDLE_IDENTIFIER = com.sampleCompany.TESTTESTUITests;
				PRODUCT_NAME = "$(TARGET_NAME)";
				SWIFT_VERSION = 5.0;
				TARGETED_DEVICE_FAMILY = "1,2";
				TEST_TARGET_NAME = TESTTEST;
			};
			name = Release;
		};
/* End XCBuildConfiguration section */

/* Begin XCConfigurationList section */
		A7C9B9E62543956200683BB3 /* Build configuration list for PBXProject "TESTTEST" */ = {
			isa = XCConfigurationList;
			buildConfigurations = (
				A7C9BA162543956400683BB3 /* Debug */,
				A7C9BA172543956400683BB3 /* Release */,
			);
			defaultConfigurationIsVisible = 0;
			defaultConfigurationName = Release;
		};
		A7C9BA182543956400683BB3 /* Build configuration list for PBXNativeTarget "TESTTEST" */ = {
			isa = XCConfigurationList;
			buildConfigurations = (
				A7C9BA192543956400683BB3 /* Debug */,
				A7C9BA1A2543956400683BB3 /* Release */,
			);
			defaultConfigurationIsVisible = 0;
			defaultConfigurationName = Release;
		};
		A7C9BA1B2543956400683BB3 /* Build configuration list for PBXNativeTarget "TESTTESTTests" */ = {
			isa = XCConfigurationList;
			buildConfigurations = (
				A7C9BA1C2543956400683BB3 /* Debug */,
				A7C9BA1D2543956400683BB3 /* Release */,
			);
			defaultConfigurationIsVisible = 0;
			defaultConfigurationName = Release;
		};
		A7C9BA1E2543956400683BB3 /* Build configuration list for PBXNativeTarget "TESTTESTUITests" */ = {
			isa = XCConfigurationList;
			buildConfigurations = (
				A7C9BA1F2543956400683BB3 /* Debug */,
				A7C9BA202543956400683BB3 /* Release */,
			);
			defaultConfigurationIsVisible = 0;
			defaultConfigurationName = Release;
		};
/* End XCConfigurationList section */

/* Begin XCVersionGroup section */
		A7C9B9F72543956200683BB3 /* TESTTEST.xcdatamodeld */ = {
			isa = XCVersionGroup;
			children = (
				A7C9B9F82543956200683BB3 /* TESTTEST.xcdatamodel */,
			);
			currentVersion = A7C9B9F82543956200683BB3 /* TESTTEST.xcdatamodel */;
			path = TESTTEST.xcdatamodeld;
			sourceTree = "<group>";
			versionGroupType = wrapper.xcdatamodel;
		};
/* End XCVersionGroup section */
	};
	rootObject = A7C9B9E32543956200683BB3 /* Project object */;
}
